
Microsoft Visual Studio Solution File, Format Version 12.00
# Visual Studio 15
Project("{FAE04EC0-301F-11D3-BF4B-00C04F79EFBC}") = "Assembly-CSharp", "Assembly-CSharp.csproj", "{D742A909-7518-2476-02C6-62E74E436EB2}"
EndProject
Project("{FAE04EC0-301F-11D3-BF4B-00C04F79EFBC}") = "Assembly-CSharp-Editor", "Assembly-CSharp-Editor.csproj", "{258FAB91-D19F-5F75-1066-EE0849F4F026}"
EndProject
Global
	GlobalSection(SolutionConfigurationPlatforms) = preSolution
		Debug|Any CPU = Debug|Any CPU
		Release|Any CPU = Release|Any CPU
	EndGlobalSection
	GlobalSection(ProjectConfigurationPlatforms) = postSolution
		{D742A909-7518-2476-02C6-62E74E436EB2}.Debug|Any CPU.ActiveCfg = Debug|Any CPU
		{D742A909-7518-2476-02C6-62E74E436EB2}.Debug|Any CPU.Build.0 = Debug|Any CPU
		{D742A909-7518-2476-02C6-62E74E436EB2}.Release|Any CPU.ActiveCfg = Release|Any CPU
		{D742A909-7518-2476-02C6-62E74E436EB2}.Release|Any CPU.Build.0 = Release|Any CPU
		{258FAB91-D19F-5F75-1066-EE0849F4F026}.Debug|Any CPU.ActiveCfg = Debug|Any CPU
		{258FAB91-D19F-5F75-1066-EE0849F4F026}.Debug|Any CPU.Build.0 = Debug|Any CPU
		{258FAB91-D19F-5F75-1066-EE0849F4F026}.Release|Any CPU.ActiveCfg = Release|Any CPU
		{258FAB91-D19F-5F75-1066-EE0849F4F026}.Release|Any CPU.Build.0 = Release|Any CPU
	EndGlobalSection
	GlobalSection(SolutionProperties) = preSolution
		HideSolutionNode = FALSE
	EndGlobalSection
EndGlobal
